// !$*UTF8*$!
{
	archiveVersion = 1;
	classes = {
	};
	objectVersion = 46;
	objects = {

/* Begin PBXBuildFile section */
		A85A99C21F5489ED0035FE8C /* SentMemesTableViewController.swift in Sources */ = {isa = PBXBuildFile; fileRef = A85A99C11F5489ED0035FE8C /* SentMemesTableViewController.swift */; };
		A85A99C41F5489FF0035FE8C /* SentMemesCollectionViewController.swift in Sources */ = {isa = PBXBuildFile; fileRef = A85A99C31F5489FF0035FE8C /* SentMemesCollectionViewController.swift */; };
		A85A99CC1F5759CE0035FE8C /* Meme.swift in Sources */ = {isa = PBXBuildFile; fileRef = A85A99CB1F5759CE0035FE8C /* Meme.swift */; };
		A8CC8F0A1F44A59200A2F6C5 /* AppDelegate.swift in Sources */ = {isa = PBXBuildFile; fileRef = A8CC8F091F44A59200A2F6C5 /* AppDelegate.swift */; };
		A8CC8F0C1F44A59200A2F6C5 /* MemeEditorViewController.swift in Sources */ = {isa = PBXBuildFile; fileRef = A8CC8F0B1F44A59200A2F6C5 /* MemeEditorViewController.swift */; };
		A8CC8F0F1F44A59200A2F6C5 /* Main.storyboard in Resources */ = {isa = PBXBuildFile; fileRef = A8CC8F0D1F44A59200A2F6C5 /* Main.storyboard */; };
		A8CC8F111F44A59200A2F6C5 /* Assets.xcassets in Resources */ = {isa = PBXBuildFile; fileRef = A8CC8F101F44A59200A2F6C5 /* Assets.xcassets */; };
		A8CC8F141F44A59200A2F6C5 /* LaunchScreen.storyboard in Resources */ = {isa = PBXBuildFile; fileRef = A8CC8F121F44A59200A2F6C5 /* LaunchScreen.storyboard */; };
		A8E0787A1F58DB300082EFB2 /* SentMemesCollectionViewCell.swift in Sources */ = {isa = PBXBuildFile; fileRef = A8E078791F58DB300082EFB2 /* SentMemesCollectionViewCell.swift */; };
		A8E0787C1F58DE850082EFB2 /* SentMemesDetailScene.swift in Sources */ = {isa = PBXBuildFile; fileRef = A8E0787B1F58DE850082EFB2 /* SentMemesDetailScene.swift */; };
/* End PBXBuildFile section */

/* Begin PBXFileReference section */
		A85A99C11F5489ED0035FE8C /* SentMemesTableViewController.swift */ = {isa = PBXFileReference; fileEncoding = 4; lastKnownFileType = sourcecode.swift; path = SentMemesTableViewController.swift; sourceTree = "<group>"; };
		A85A99C31F5489FF0035FE8C /* SentMemesCollectionViewController.swift */ = {isa = PBXFileReference; fileEncoding = 4; lastKnownFileType = sourcecode.swift; path = SentMemesCollectionViewController.swift; sourceTree = "<group>"; };
		A85A99CB1F5759CE0035FE8C /* Meme.swift */ = {isa = PBXFileReference; fileEncoding = 4; lastKnownFileType = sourcecode.swift; path = Meme.swift; sourceTree = "<group>"; };
		A8CC8F061F44A59200A2F6C5 /* MemeMeV1.app */ = {isa = PBXFileReference; explicitFileType = wrapper.application; includeInIndex = 0; path = MemeMeV1.app; sourceTree = BUILT_PRODUCTS_DIR; };
		A8CC8F091F44A59200A2F6C5 /* AppDelegate.swift */ = {isa = PBXFileReference; lastKnownFileType = sourcecode.swift; path = AppDelegate.swift; sourceTree = "<group>"; };
		A8CC8F0B1F44A59200A2F6C5 /* MemeEditorViewController.swift */ = {isa = PBXFileReference; lastKnownFileType = sourcecode.swift; path = MemeEditorViewController.swift; sourceTree = "<group>"; };
		A8CC8F0E1F44A59200A2F6C5 /* Base */ = {isa = PBXFileReference; lastKnownFileType = file.storyboard; name = Base; path = Base.lproj/Main.storyboard; sourceTree = "<group>"; };
		A8CC8F101F44A59200A2F6C5 /* Assets.xcassets */ = {isa = PBXFileReference; lastKnownFileType = folder.assetcatalog; path = Assets.xcassets; sourceTree = "<group>"; };
		A8CC8F131F44A59200A2F6C5 /* Base */ = {isa = PBXFileReference; lastKnownFileType = file.storyboard; name = Base; path = Base.lproj/LaunchScreen.storyboard; sourceTree = "<group>"; };
		A8CC8F151F44A59200A2F6C5 /* Info.plist */ = {isa = PBXFileReference; lastKnownFileType = text.plist.xml; path = Info.plist; sourceTree = "<group>"; };
		A8E078791F58DB300082EFB2 /* SentMemesCollectionViewCell.swift */ = {isa = PBXFileReference; lastKnownFileType = sourcecode.swift; path = SentMemesCollectionViewCell.swift; sourceTree = "<group>"; };
		A8E0787B1F58DE850082EFB2 /* SentMemesDetailScene.swift */ = {isa = PBXFileReference; lastKnownFileType = sourcecode.swift; path = SentMemesDetailScene.swift; sourceTree = "<group>"; };
/* End PBXFileReference section */

/* Begin PBXFrameworksBuildPhase section */
		A8CC8F031F44A59200A2F6C5 /* Frameworks */ = {
			isa = PBXFrameworksBuildPhase;
			buildActionMask = 2147483647;
			files = (
			);
			runOnlyForDeploymentPostprocessing = 0;
		};
/* End PBXFrameworksBuildPhase section */

/* Begin PBXGroup section */
		A8CC8EFD1F44A59200A2F6C5 = {
			isa = PBXGroup;
			children = (
				A8CC8F081F44A59200A2F6C5 /* MemeMeV1 */,
				A8CC8F071F44A59200A2F6C5 /* Products */,
			);
			sourceTree = "<group>";
		};
		A8CC8F071F44A59200A2F6C5 /* Products */ = {
			isa = PBXGroup;
			children = (
				A8CC8F061F44A59200A2F6C5 /* MemeMeV1.app */,
			);
			name = Products;
			sourceTree = "<group>";
		};
		A8CC8F081F44A59200A2F6C5 /* MemeMeV1 */ = {
			isa = PBXGroup;
			children = (
				A8CC8F091F44A59200A2F6C5 /* AppDelegate.swift */,
				A8CC8F0B1F44A59200A2F6C5 /* MemeEditorViewController.swift */,
				A85A99C11F5489ED0035FE8C /* SentMemesTableViewController.swift */,
				A8E078791F58DB300082EFB2 /* SentMemesCollectionViewCell.swift */,
				A85A99C31F5489FF0035FE8C /* SentMemesCollectionViewController.swift */,
				A8E0787B1F58DE850082EFB2 /* SentMemesDetailScene.swift */,
				A85A99CB1F5759CE0035FE8C /* Meme.swift */,
				A8CC8F0D1F44A59200A2F6C5 /* Main.storyboard */,
				A8CC8F101F44A59200A2F6C5 /* Assets.xcassets */,
				A8CC8F121F44A59200A2F6C5 /* LaunchScreen.storyboard */,
				A8CC8F151F44A59200A2F6C5 /* Info.plist */,
			);
			path = MemeMeV1;
			sourceTree = "<group>";
		};
/* End PBXGroup section */

/* Begin PBXNativeTarget section */
		A8CC8F051F44A59200A2F6C5 /* MemeMeV1 */ = {
			isa = PBXNativeTarget;
			buildConfigurationList = A8CC8F181F44A59200A2F6C5 /* Build configuration list for PBXNativeTarget "MemeMeV1" */;
			buildPhases = (
				A8CC8F021F44A59200A2F6C5 /* Sources */,
				A8CC8F031F44A59200A2F6C5 /* Frameworks */,
				A8CC8F041F44A59200A2F6C5 /* Resources */,
			);
			buildRules = (
			);
			dependencies = (
			);
			name = MemeMeV1;
			productName = MemeMeV1;
			productReference = A8CC8F061F44A59200A2F6C5 /* MemeMeV1.app */;
			productType = "com.apple.product-type.application";
		};
/* End PBXNativeTarget section */

/* Begin PBXProject section */
		A8CC8EFE1F44A59200A2F6C5 /* Project object */ = {
			isa = PBXProject;
			attributes = {
				LastSwiftUpdateCheck = 0830;
				LastUpgradeCheck = 0830;
				ORGANIZATIONNAME = Udacity;
				TargetAttributes = {
					A8CC8F051F44A59200A2F6C5 = {
						CreatedOnToolsVersion = 8.3.2;
						DevelopmentTeam = URQFMBACQE;
						ProvisioningStyle = Automatic;
					};
				};
			};
			buildConfigurationList = A8CC8F011F44A59200A2F6C5 /* Build configuration list for PBXProject "MemeMeV1" */;
			compatibilityVersion = "Xcode 3.2";
			developmentRegion = English;
			hasScannedForEncodings = 0;
			knownRegions = (
				en,
				Base,
			);
			mainGroup = A8CC8EFD1F44A59200A2F6C5;
			productRefGroup = A8CC8F071F44A59200A2F6C5 /* Products */;
			projectDirPath = "";
			projectRoot = "";
			targets = (
				A8CC8F051F44A59200A2F6C5 /* MemeMeV1 */,
			);
		};
/* End PBXProject section */

/* Begin PBXResourcesBuildPhase section */
		A8CC8F041F44A59200A2F6C5 /* Resources */ = {
			isa = PBXResourcesBuildPhase;
			buildActionMask = 2147483647;
			files = (
				A8CC8F141F44A59200A2F6C5 /* LaunchScreen.storyboard in Resources */,
				A8CC8F111F44A59200A2F6C5 /* Assets.xcassets in Resources */,
				A8CC8F0F1F44A59200A2F6C5 /* Main.storyboard in Resources */,
			);
			runOnlyForDeploymentPostprocessing = 0;
		};
/* End PBXResourcesBuildPhase section */

/* Begin PBXSourcesBuildPhase section */
		A8CC8F021F44A59200A2F6C5 /* Sources */ = {
			isa = PBXSourcesBuildPhase;
			buildActionMask = 2147483647;
			files = (
				A8CC8F0C1F44A59200A2F6C5 /* MemeEditorViewController.swift in Sources */,
				A85A99C21F5489ED0035FE8C /* SentMemesTableViewController.swift in Sources */,
				A85A99C41F5489FF0035FE8C /* SentMemesCollectionViewController.swift in Sources */,
				A8CC8F0A1F44A59200A2F6C5 /* AppDelegate.swift in Sources */,
				A8E0787A1F58DB300082EFB2 /* SentMemesCollectionViewCell.swift in Sources */,
				A8E0787C1F58DE850082EFB2 /* SentMemesDetailScene.swift in Sources */,
				A85A99CC1F5759CE0035FE8C /* Meme.swift in Sources */,
			);
			runOnlyForDeploymentPostprocessing = 0;
		};
/* End PBXSourcesBuildPhase section */

/* Begin PBXVariantGroup section */
		A8CC8F0D1F44A59200A2F6C5 /* Main.storyboard */ = {
			isa = PBXVariantGroup;
			children = (
				A8CC8F0E1F44A59200A2F6C5 /* Base */,
			);
			name = Main.storyboard;
			sourceTree = "<group>";
		};
		A8CC8F121F44A59200A2F6C5 /* LaunchScreen.storyboard */ = {
			isa = PBXVariantGroup;
			children = (
				A8CC8F131F44A59200A2F6C5 /* Base */,
			);
			name = LaunchScreen.storyboard;
			sourceTree = "<group>";
		};
/* End PBXVariantGroup section */

/* Begin XCBuildConfiguration section */
		A8CC8F161F44A59200A2F6C5 /* Debug */ = {
			isa = XCBuildConfiguration;
			buildSettings = {
				ALWAYS_SEARCH_USER_PATHS = NO;
				CLANG_ANALYZER_NONNULL = YES;
				CLANG_ANALYZER_NUMBER_OBJECT_CONVERSION = YES_AGGRESSIVE;
				CLANG_CXX_LANGUAGE_STANDARD = "gnu++0x";
				CLANG_CXX_LIBRARY = "libc++";
				CLANG_ENABLE_MODULES = YES;
				CLANG_ENABLE_OBJC_ARC = YES;
				CLANG_WARN_BOOL_CONVERSION = YES;
				CLANG_WARN_CONSTANT_CONVERSION = YES;
				CLANG_WARN_DIRECT_OBJC_ISA_USAGE = YES_ERROR;
				CLANG_WARN_DOCUMENTATION_COMMENTS = YES;
				CLANG_WARN_EMPTY_BODY = YES;
				CLANG_WARN_ENUM_CONVERSION = YES;
				CLANG_WARN_INFINITE_RECURSION = YES;
				CLANG_WARN_INT_CONVERSION = YES;
				CLANG_WARN_OBJC_ROOT_CLASS = YES_ERROR;
				CLANG_WARN_SUSPICIOUS_MOVE = YES;
				CLANG_WARN_UNREACHABLE_CODE = YES;
				CLANG_WARN__DUPLICATE_METHOD_MATCH = YES;
				"CODE_SIGN_IDENTITY[sdk=iphoneos*]" = "iPhone Developer";
				COPY_PHASE_STRIP = NO;
				DEBUG_INFORMATION_FORMAT = dwarf;
				ENABLE_STRICT_OBJC_MSGSEND = YES;
				ENABLE_TESTABILITY = YES;
				GCC_C_LANGUAGE_STANDARD = gnu99;
				GCC_DYNAMIC_NO_PIC = NO;
				GCC_NO_COMMON_BLOCKS = YES;
				GCC_OPTIMIZATION_LEVEL = 0;
				GCC_PREPROCESSOR_DEFINITIONS = (
					"DEBUG=1",
					"$(inherited)",
				);
				GCC_WARN_64_TO_32_BIT_CONVERSION = YES;
				GCC_WARN_ABOUT_RETURN_TYPE = YES_ERROR;
				GCC_WARN_UNDECLARED_SELECTOR = YES;
				GCC_WARN_UNINITIALIZED_AUTOS = YES_AGGRESSIVE;
				GCC_WARN_UNUSED_FUNCTION = YES;
				GCC_WARN_UNUSED_VARIABLE = YES;
				IPHONEOS_DEPLOYMENT_TARGET = 10.3;
				MTL_ENABLE_DEBUG_INFO = YES;
				ONLY_ACTIVE_ARCH = YES;
				SDKROOT = iphoneos;
				SWIFT_ACTIVE_COMPILATION_CONDITIONS = DEBUG;
				SWIFT_OPTIMIZATION_LEVEL = "-Onone";
			};
			name = Debug;
		};
		A8CC8F171F44A59200A2F6C5 /* Release */ = {
			isa = XCBuildConfiguration;
			buildSettings = {
				ALWAYS_SEARCH_USER_PATHS = NO;
				CLANG_ANALYZER_NONNULL = YES;
				CLANG_ANALYZER_NUMBER_OBJECT_CONVERSION = YES_AGGRESSIVE;
				CLANG_CXX_LANGUAGE_STANDARD = "gnu++0x";
				CLANG_CXX_LIBRARY = "libc++";
				CLANG_ENABLE_MODULES = YES;
				CLANG_ENABLE_OBJC_ARC = YES;
				CLANG_WARN_BOOL_CONVERSION = YES;
				CLANG_WARN_CONSTANT_CONVERSION = YES;
				CLANG_WARN_DIRECT_OBJC_ISA_USAGE = YES_ERROR;
				CLANG_WARN_DOCUMENTATION_COMMENTS = YES;
				CLANG_WARN_EMPTY_BODY = YES;
				CLANG_WARN_ENUM_CONVERSION = YES;
				CLANG_WARN_INFINITE_RECURSION = YES;
				CLANG_WARN_INT_CONVERSION = YES;
				CLANG_WARN_OBJC_ROOT_CLASS = YES_ERROR;
				CLANG_WARN_SUSPICIOUS_MOVE = YES;
				CLANG_WARN_UNREACHABLE_CODE = YES;
				CLANG_WARN__DUPLICATE_METHOD_MATCH = YES;
				"CODE_SIGN_IDENTITY[sdk=iphoneos*]" = "iPhone Developer";
				COPY_PHASE_STRIP = NO;
				DEBUG_INFORMATION_FORMAT = "dwarf-with-dsym";
				ENABLE_NS_ASSERTIONS = NO;
				ENABLE_STRICT_OBJC_MSGSEND = YES;
				GCC_C_LANGUAGE_STANDARD = gnu99;
				GCC_NO_COMMON_BLOCKS = YES;
				GCC_WARN_64_TO_32_BIT_CONVERSION = YES;
				GCC_WARN_ABOUT_RETURN_TYPE = YES_ERROR;
				GCC_WARN_UNDECLARED_SELECTOR = YES;
				GCC_WARN_UNINITIALIZED_AUTOS = YES_AGGRESSIVE;
				GCC_WARN_UNUSED_FUNCTION = YES;
				GCC_WARN_UNUSED_VARIABLE = YES;
				IPHONEOS_DEPLOYMENT_TARGET = 10.3;
				MTL_ENABLE_DEBUG_INFO = NO;
				SDKROOT = iphoneos;
				SWIFT_OPTIMIZATION_LEVEL = "-Owholemodule";
				VALIDATE_PRODUCT = YES;
			};
			name = Release;
		};
		A8CC8F191F44A59200A2F6C5 /* Debug */ = {
			isa = XCBuildConfiguration;
			buildSettings = {
				ASSETCATALOG_COMPILER_APPICON_NAME = AppIcon;
				DEVELOPMENT_TEAM = URQFMBACQE;
				INFOPLIST_FILE = MemeMeV1/Info.plist;
				LD_RUNPATH_SEARCH_PATHS = "$(inherited) @executable_path/Frameworks";
				PRODUCT_BUNDLE_IDENTIFIER = com.udacity.MemeMeV1;
				PRODUCT_NAME = "$(TARGET_NAME)";
				SWIFT_VERSION = 3.0;
			};
			name = Debug;
		};
		A8CC8F1A1F44A59200A2F6C5 /* Release */ = {
			isa = XCBuildConfiguration;
			buildSettings = {
				ASSETCATALOG_COMPILER_APPICON_NAME = AppIcon;
				DEVELOPMENT_TEAM = URQFMBACQE;
				INFOPLIST_FILE = MemeMeV1/Info.plist;
				LD_RUNPATH_SEARCH_PATHS = "$(inherited) @executable_path/Frameworks";
				PRODUCT_BUNDLE_IDENTIFIER = com.udacity.MemeMeV1;
				PRODUCT_NAME = "$(TARGET_NAME)";
				SWIFT_VERSION = 3.0;
			};
			name = Release;
		};
/* End XCBuildConfiguration section */

/* Begin XCConfigurationList section */
		A8CC8F011F44A59200A2F6C5 /* Build configuration list for PBXProject "MemeMeV1" */ = {
			isa = XCConfigurationList;
			buildConfigurations = (
				A8CC8F161F44A59200A2F6C5 /* Debug */,
				A8CC8F171F44A59200A2F6C5 /* Release */,
			);
			defaultConfigurationIsVisible = 0;
			defaultConfigurationName = Release;
		};
		A8CC8F181F44A59200A2F6C5 /* Build configuration list for PBXNativeTarget "MemeMeV1" */ = {
			isa = XCConfigurationList;
			buildConfigurations = (
				A8CC8F191F44A59200A2F6C5 /* Debug */,
				A8CC8F1A1F44A59200A2F6C5 /* Release */,
			);
			defaultConfigurationIsVisible = 0;
			defaultConfigurationName = Release;
		};
/* End XCConfigurationList section */
	};
	rootObject = A8CC8EFE1F44A59200A2F6C5 /* Project object */;
}
